// !$*UTF8*$!
{
	archiveVersion = 1;
	classes = {
	};
	objectVersion = 48;
	objects = {

/* Begin PBXBuildFile section */
		223CEC3F1F5C9C96006F3B7D /* RoomPhotoViewController.swift in Sources */ = {isa = PBXBuildFile; fileRef = 223CEC3E1F5C9C96006F3B7D /* RoomPhotoViewController.swift */; };
		224506DA204F39AF005565E8 /* DateFormatter+iso8601Full.swift in Sources */ = {isa = PBXBuildFile; fileRef = 224506D9204F39AF005565E8 /* DateFormatter+iso8601Full.swift */; };
		228125881F5B833300F5A1C2 /* AppDelegate.swift in Sources */ = {isa = PBXBuildFile; fileRef = 228125871F5B833300F5A1C2 /* AppDelegate.swift */; };
		2281258D1F5B833300F5A1C2 /* Main.storyboard in Resources */ = {isa = PBXBuildFile; fileRef = 2281258B1F5B833300F5A1C2 /* Main.storyboard */; };
		2281258F1F5B833300F5A1C2 /* Assets.xcassets in Resources */ = {isa = PBXBuildFile; fileRef = 2281258E1F5B833300F5A1C2 /* Assets.xcassets */; };
		228125921F5B833300F5A1C2 /* LaunchScreen.storyboard in Resources */ = {isa = PBXBuildFile; fileRef = 228125901F5B833300F5A1C2 /* LaunchScreen.storyboard */; };
		2281259D1F5B833400F5A1C2 /* RoomFinderProTests.swift in Sources */ = {isa = PBXBuildFile; fileRef = 2281259C1F5B833400F5A1C2 /* RoomFinderProTests.swift */; };
		228125A81F5B837C00F5A1C2 /* ReservationsTableViewController.swift in Sources */ = {isa = PBXBuildFile; fileRef = 228125A71F5B837C00F5A1C2 /* ReservationsTableViewController.swift */; };
		228125AC1F5B85CA00F5A1C2 /* ReservationTableViewCell.swift in Sources */ = {isa = PBXBuildFile; fileRef = 228125AB1F5B85CA00F5A1C2 /* ReservationTableViewCell.swift */; };
		B10682672048F14D00C8CBD6 /* NewReservationTableViewController.swift in Sources */ = {isa = PBXBuildFile; fileRef = B10682662048F14D00C8CBD6 /* NewReservationTableViewController.swift */; };
		B1190801268A6759009B675F /* RoomFinderProUITests.swift in Sources */ = {isa = PBXBuildFile; fileRef = B1190800268A6759009B675F /* RoomFinderProUITests.swift */; };
		B19A296320498E730065F14D /* ReservationsInteractor.swift in Sources */ = {isa = PBXBuildFile; fileRef = B19A296220498E730065F14D /* ReservationsInteractor.swift */; };
		B19A29652049E7C80065F14D /* ReservationsDataStore.swift in Sources */ = {isa = PBXBuildFile; fileRef = B19A29642049E7C80065F14D /* ReservationsDataStore.swift */; };
		B19A29672049E8360065F14D /* ConferenceRoom.swift in Sources */ = {isa = PBXBuildFile; fileRef = B19A29662049E8360065F14D /* ConferenceRoom.swift */; };
		B19A29692049F3F70065F14D /* AvailableRoomsTableViewController.swift in Sources */ = {isa = PBXBuildFile; fileRef = B19A29682049F3F70065F14D /* AvailableRoomsTableViewController.swift */; };
		B19A296B204A05220065F14D /* RoomReservation.swift in Sources */ = {isa = PBXBuildFile; fileRef = B19A296A204A05220065F14D /* RoomReservation.swift */; };
		B19A296F204A10130065F14D /* BaseTableViewController.swift in Sources */ = {isa = PBXBuildFile; fileRef = B19A296E204A10130065F14D /* BaseTableViewController.swift */; };
		B19A2971204A2D340065F14D /* ParseAPI.swift in Sources */ = {isa = PBXBuildFile; fileRef = B19A2970204A2D340065F14D /* ParseAPI.swift */; };
		B19A2974204A42470065F14D /* RoomFinderPro.xcdatamodeld in Sources */ = {isa = PBXBuildFile; fileRef = B19A2972204A42470065F14D /* RoomFinderPro.xcdatamodeld */; };
		B1A9DE932140973300803DA4 /* ARSignFinderViewController.swift in Sources */ = {isa = PBXBuildFile; fileRef = B1A9DE922140973300803DA4 /* ARSignFinderViewController.swift */; };
		B1A9DE952140974900803DA4 /* ARHelper.swift in Sources */ = {isa = PBXBuildFile; fileRef = B1A9DE942140974900803DA4 /* ARHelper.swift */; };
		B1A9DE97214097E000803DA4 /* StatusViewController.swift in Sources */ = {isa = PBXBuildFile; fileRef = B1A9DE96214097E000803DA4 /* StatusViewController.swift */; };
		B1D4343820EBC581002B5BDA /* Alphanum_28x28.mlmodel in Sources */ = {isa = PBXBuildFile; fileRef = B1D4343720EBC581002B5BDA /* Alphanum_28x28.mlmodel */; };
/* End PBXBuildFile section */

/* Begin PBXContainerItemProxy section */
		228125991F5B833300F5A1C2 /* PBXContainerItemProxy */ = {
			isa = PBXContainerItemProxy;
			containerPortal = 2281257C1F5B833300F5A1C2 /* Project object */;
			proxyType = 1;
			remoteGlobalIDString = 228125831F5B833300F5A1C2;
			remoteInfo = RoomFinderPro;
		};
		B1190802268A6759009B675F /* PBXContainerItemProxy */ = {
			isa = PBXContainerItemProxy;
			containerPortal = 2281257C1F5B833300F5A1C2 /* Project object */;
			proxyType = 1;
			remoteGlobalIDString = 228125831F5B833300F5A1C2;
			remoteInfo = RoomFinderPro;
		};
/* End PBXContainerItemProxy section */

/* Begin PBXFileReference section */
		223CEC3E1F5C9C96006F3B7D /* RoomPhotoViewController.swift */ = {isa = PBXFileReference; lastKnownFileType = sourcecode.swift; path = RoomPhotoViewController.swift; sourceTree = "<group>"; };
		224506D9204F39AF005565E8 /* DateFormatter+iso8601Full.swift */ = {isa = PBXFileReference; lastKnownFileType = sourcecode.swift; path = "DateFormatter+iso8601Full.swift"; sourceTree = "<group>"; };
		228125841F5B833300F5A1C2 /* RoomFinderPro.app */ = {isa = PBXFileReference; explicitFileType = wrapper.application; includeInIndex = 0; path = RoomFinderPro.app; sourceTree = BUILT_PRODUCTS_DIR; };
		228125871F5B833300F5A1C2 /* AppDelegate.swift */ = {isa = PBXFileReference; lastKnownFileType = sourcecode.swift; path = AppDelegate.swift; sourceTree = "<group>"; };
		2281258C1F5B833300F5A1C2 /* Base */ = {isa = PBXFileReference; lastKnownFileType = file.storyboard; name = Base; path = Base.lproj/Main.storyboard; sourceTree = "<group>"; };
		2281258E1F5B833300F5A1C2 /* Assets.xcassets */ = {isa = PBXFileReference; lastKnownFileType = folder.assetcatalog; path = Assets.xcassets; sourceTree = "<group>"; };
		228125911F5B833300F5A1C2 /* Base */ = {isa = PBXFileReference; lastKnownFileType = file.storyboard; name = Base; path = Base.lproj/LaunchScreen.storyboard; sourceTree = "<group>"; };
		228125931F5B833300F5A1C2 /* Info.plist */ = {isa = PBXFileReference; lastKnownFileType = text.plist.xml; path = Info.plist; sourceTree = "<group>"; };
		228125981F5B833300F5A1C2 /* RoomFinderProTests.xctest */ = {isa = PBXFileReference; explicitFileType = wrapper.cfbundle; includeInIndex = 0; path = RoomFinderProTests.xctest; sourceTree = BUILT_PRODUCTS_DIR; };
		2281259C1F5B833400F5A1C2 /* RoomFinderProTests.swift */ = {isa = PBXFileReference; lastKnownFileType = sourcecode.swift; path = RoomFinderProTests.swift; sourceTree = "<group>"; };
		2281259E1F5B833400F5A1C2 /* Info.plist */ = {isa = PBXFileReference; lastKnownFileType = text.plist.xml; path = Info.plist; sourceTree = "<group>"; };
		228125A71F5B837C00F5A1C2 /* ReservationsTableViewController.swift */ = {isa = PBXFileReference; lastKnownFileType = sourcecode.swift; path = ReservationsTableViewController.swift; sourceTree = "<group>"; };
		228125AB1F5B85CA00F5A1C2 /* ReservationTableViewCell.swift */ = {isa = PBXFileReference; lastKnownFileType = sourcecode.swift; path = ReservationTableViewCell.swift; sourceTree = "<group>"; };
		B10682662048F14D00C8CBD6 /* NewReservationTableViewController.swift */ = {isa = PBXFileReference; lastKnownFileType = sourcecode.swift; path = NewReservationTableViewController.swift; sourceTree = "<group>"; };
		B11907FE268A6759009B675F /* RoomFinderProUITests.xctest */ = {isa = PBXFileReference; explicitFileType = wrapper.cfbundle; includeInIndex = 0; path = RoomFinderProUITests.xctest; sourceTree = BUILT_PRODUCTS_DIR; };
		B1190800268A6759009B675F /* RoomFinderProUITests.swift */ = {isa = PBXFileReference; lastKnownFileType = sourcecode.swift; path = RoomFinderProUITests.swift; sourceTree = "<group>"; };
		B19A296220498E730065F14D /* ReservationsInteractor.swift */ = {isa = PBXFileReference; lastKnownFileType = sourcecode.swift; path = ReservationsInteractor.swift; sourceTree = "<group>"; };
		B19A29642049E7C80065F14D /* ReservationsDataStore.swift */ = {isa = PBXFileReference; lastKnownFileType = sourcecode.swift; path = ReservationsDataStore.swift; sourceTree = "<group>"; };
		B19A29662049E8360065F14D /* ConferenceRoom.swift */ = {isa = PBXFileReference; lastKnownFileType = sourcecode.swift; path = ConferenceRoom.swift; sourceTree = "<group>"; };
		B19A29682049F3F70065F14D /* AvailableRoomsTableViewController.swift */ = {isa = PBXFileReference; lastKnownFileType = sourcecode.swift; path = AvailableRoomsTableViewController.swift; sourceTree = "<group>"; };
		B19A296A204A05220065F14D /* RoomReservation.swift */ = {isa = PBXFileReference; lastKnownFileType = sourcecode.swift; path = RoomReservation.swift; sourceTree = "<group>"; };
		B19A296E204A10130065F14D /* BaseTableViewController.swift */ = {isa = PBXFileReference; lastKnownFileType = sourcecode.swift; path = BaseTableViewController.swift; sourceTree = "<group>"; };
		B19A2970204A2D340065F14D /* ParseAPI.swift */ = {isa = PBXFileReference; lastKnownFileType = sourcecode.swift; path = ParseAPI.swift; sourceTree = "<group>"; };
		B19A2973204A42470065F14D /* RoomFinderPro.xcdatamodel */ = {isa = PBXFileReference; lastKnownFileType = wrapper.xcdatamodel; path = RoomFinderPro.xcdatamodel; sourceTree = "<group>"; };
		B1A9DE922140973300803DA4 /* ARSignFinderViewController.swift */ = {isa = PBXFileReference; lastKnownFileType = sourcecode.swift; path = ARSignFinderViewController.swift; sourceTree = "<group>"; };
		B1A9DE942140974900803DA4 /* ARHelper.swift */ = {isa = PBXFileReference; lastKnownFileType = sourcecode.swift; path = ARHelper.swift; sourceTree = "<group>"; };
		B1A9DE96214097E000803DA4 /* StatusViewController.swift */ = {isa = PBXFileReference; lastKnownFileType = sourcecode.swift; path = StatusViewController.swift; sourceTree = "<group>"; };
		B1D4343720EBC581002B5BDA /* Alphanum_28x28.mlmodel */ = {isa = PBXFileReference; lastKnownFileType = file.mlmodel; path = Alphanum_28x28.mlmodel; sourceTree = "<group>"; };
/* End PBXFileReference section */

/* Begin PBXFrameworksBuildPhase section */
		228125811F5B833300F5A1C2 /* Frameworks */ = {
			isa = PBXFrameworksBuildPhase;
			buildActionMask = 2147483647;
			files = (
			);
			runOnlyForDeploymentPostprocessing = 0;
		};
		228125951F5B833300F5A1C2 /* Frameworks */ = {
			isa = PBXFrameworksBuildPhase;
			buildActionMask = 2147483647;
			files = (
			);
			runOnlyForDeploymentPostprocessing = 0;
		};
		B11907FB268A6759009B675F /* Frameworks */ = {
			isa = PBXFrameworksBuildPhase;
			buildActionMask = 2147483647;
			files = (
			);
			runOnlyForDeploymentPostprocessing = 0;
		};
/* End PBXFrameworksBuildPhase section */

/* Begin PBXGroup section */
		2281257B1F5B833300F5A1C2 = {
			isa = PBXGroup;
			children = (
				228125861F5B833300F5A1C2 /* RoomFinderPro */,
				2281259B1F5B833400F5A1C2 /* RoomFinderProTests */,
				B11907FF268A6759009B675F /* RoomFinderProUITests */,
				228125851F5B833300F5A1C2 /* Products */,
			);
			sourceTree = "<group>";
		};
		228125851F5B833300F5A1C2 /* Products */ = {
			isa = PBXGroup;
			children = (
				228125841F5B833300F5A1C2 /* RoomFinderPro.app */,
				228125981F5B833300F5A1C2 /* RoomFinderProTests.xctest */,
				B11907FE268A6759009B675F /* RoomFinderProUITests.xctest */,
			);
			name = Products;
			sourceTree = "<group>";
		};
		228125861F5B833300F5A1C2 /* RoomFinderPro */ = {
			isa = PBXGroup;
			children = (
				228125871F5B833300F5A1C2 /* AppDelegate.swift */,
				B19A2972204A42470065F14D /* RoomFinderPro.xcdatamodeld */,
				B19A295E2049015A0065F14D /* Models */,
				B19A296120498E5C0065F14D /* Shared */,
				B19A2960204901880065F14D /* ReservationsListUI */,
				B19A295F2049016B0065F14D /* NewReservationUI */,
				2281258B1F5B833300F5A1C2 /* Main.storyboard */,
				2281258E1F5B833300F5A1C2 /* Assets.xcassets */,
				228125901F5B833300F5A1C2 /* LaunchScreen.storyboard */,
				228125931F5B833300F5A1C2 /* Info.plist */,
			);
			path = RoomFinderPro;
			sourceTree = "<group>";
		};
		2281259B1F5B833400F5A1C2 /* RoomFinderProTests */ = {
			isa = PBXGroup;
			children = (
				2281259C1F5B833400F5A1C2 /* RoomFinderProTests.swift */,
				2281259E1F5B833400F5A1C2 /* Info.plist */,
			);
			path = RoomFinderProTests;
			sourceTree = "<group>";
		};
		B11907FF268A6759009B675F /* RoomFinderProUITests */ = {
			isa = PBXGroup;
			children = (
				B1190800268A6759009B675F /* RoomFinderProUITests.swift */,
			);
			path = RoomFinderProUITests;
			sourceTree = "<group>";
		};
		B19A295E2049015A0065F14D /* Models */ = {
			isa = PBXGroup;
			children = (
				B19A29662049E8360065F14D /* ConferenceRoom.swift */,
				B19A296A204A05220065F14D /* RoomReservation.swift */,
			);
			path = Models;
			sourceTree = "<group>";
		};
		B19A295F2049016B0065F14D /* NewReservationUI */ = {
			isa = PBXGroup;
			children = (
				B10682662048F14D00C8CBD6 /* NewReservationTableViewController.swift */,
				B19A29682049F3F70065F14D /* AvailableRoomsTableViewController.swift */,
				223CEC3E1F5C9C96006F3B7D /* RoomPhotoViewController.swift */,
				B1A9DE922140973300803DA4 /* ARSignFinderViewController.swift */,
				B1A9DE96214097E000803DA4 /* StatusViewController.swift */,
				B1A9DE942140974900803DA4 /* ARHelper.swift */,
				B1D4343720EBC581002B5BDA /* Alphanum_28x28.mlmodel */,
			);
			path = NewReservationUI;
			sourceTree = "<group>";
		};
		B19A2960204901880065F14D /* ReservationsListUI */ = {
			isa = PBXGroup;
			children = (
				228125A71F5B837C00F5A1C2 /* ReservationsTableViewController.swift */,
				228125AB1F5B85CA00F5A1C2 /* ReservationTableViewCell.swift */,
			);
			path = ReservationsListUI;
			sourceTree = "<group>";
		};
		B19A296120498E5C0065F14D /* Shared */ = {
			isa = PBXGroup;
			children = (
				B19A296220498E730065F14D /* ReservationsInteractor.swift */,
				B19A2970204A2D340065F14D /* ParseAPI.swift */,
				B19A29642049E7C80065F14D /* ReservationsDataStore.swift */,
				224506D9204F39AF005565E8 /* DateFormatter+iso8601Full.swift */,
				B19A296E204A10130065F14D /* BaseTableViewController.swift */,
			);
			path = Shared;
			sourceTree = "<group>";
		};
/* End PBXGroup section */

/* Begin PBXNativeTarget section */
		228125831F5B833300F5A1C2 /* RoomFinderPro */ = {
			isa = PBXNativeTarget;
			buildConfigurationList = 228125A11F5B833400F5A1C2 /* Build configuration list for PBXNativeTarget "RoomFinderPro" */;
			buildPhases = (
				228125801F5B833300F5A1C2 /* Sources */,
				228125811F5B833300F5A1C2 /* Frameworks */,
				228125821F5B833300F5A1C2 /* Resources */,
			);
			buildRules = (
			);
			dependencies = (
			);
			name = RoomFinderPro;
			productName = RoomFinderPro;
			productReference = 228125841F5B833300F5A1C2 /* RoomFinderPro.app */;
			productType = "com.apple.product-type.application";
		};
		228125971F5B833300F5A1C2 /* RoomFinderProTests */ = {
			isa = PBXNativeTarget;
			buildConfigurationList = 228125A41F5B833400F5A1C2 /* Build configuration list for PBXNativeTarget "RoomFinderProTests" */;
			buildPhases = (
				228125941F5B833300F5A1C2 /* Sources */,
				228125951F5B833300F5A1C2 /* Frameworks */,
				228125961F5B833300F5A1C2 /* Resources */,
			);
			buildRules = (
			);
			dependencies = (
				2281259A1F5B833300F5A1C2 /* PBXTargetDependency */,
			);
			name = RoomFinderProTests;
			productName = RoomFinderProTests;
			productReference = 228125981F5B833300F5A1C2 /* RoomFinderProTests.xctest */;
			productType = "com.apple.product-type.bundle.unit-test";
		};
		B11907FD268A6759009B675F /* RoomFinderProUITests */ = {
			isa = PBXNativeTarget;
			buildConfigurationList = B1190804268A6759009B675F /* Build configuration list for PBXNativeTarget "RoomFinderProUITests" */;
			buildPhases = (
				B11907FA268A6759009B675F /* Sources */,
				B11907FB268A6759009B675F /* Frameworks */,
				B11907FC268A6759009B675F /* Resources */,
			);
			buildRules = (
			);
			dependencies = (
				B1190803268A6759009B675F /* PBXTargetDependency */,
			);
			name = RoomFinderProUITests;
			productName = RoomFinderProUITests;
			productReference = B11907FE268A6759009B675F /* RoomFinderProUITests.xctest */;
			productType = "com.apple.product-type.bundle.ui-testing";
		};
/* End PBXNativeTarget section */

/* Begin PBXProject section */
		2281257C1F5B833300F5A1C2 /* Project object */ = {
			isa = PBXProject;
			attributes = {
				LastSwiftUpdateCheck = 1300;
				LastUpgradeCheck = 1300;
				ORGANIZATIONNAME = "Capital One";
				TargetAttributes = {
					228125831F5B833300F5A1C2 = {
						CreatedOnToolsVersion = 9.0;
						LastSwiftMigration = 1300;
					};
					228125971F5B833300F5A1C2 = {
						CreatedOnToolsVersion = 9.0;
						LastSwiftMigration = 1300;
						TestTargetID = 228125831F5B833300F5A1C2;
					};
					B11907FD268A6759009B675F = {
						CreatedOnToolsVersion = 13.0;
						ProvisioningStyle = Automatic;
						TestTargetID = 228125831F5B833300F5A1C2;
					};
				};
			};
			buildConfigurationList = 2281257F1F5B833300F5A1C2 /* Build configuration list for PBXProject "RoomFinderPro" */;
			compatibilityVersion = "Xcode 8.0";
			developmentRegion = en;
			hasScannedForEncodings = 0;
			knownRegions = (
				en,
				Base,
			);
			mainGroup = 2281257B1F5B833300F5A1C2;
			productRefGroup = 228125851F5B833300F5A1C2 /* Products */;
			projectDirPath = "";
			projectRoot = "";
			targets = (
				228125831F5B833300F5A1C2 /* RoomFinderPro */,
				228125971F5B833300F5A1C2 /* RoomFinderProTests */,
				B11907FD268A6759009B675F /* RoomFinderProUITests */,
			);
		};
/* End PBXProject section */

/* Begin PBXResourcesBuildPhase section */
		228125821F5B833300F5A1C2 /* Resources */ = {
			isa = PBXResourcesBuildPhase;
			buildActionMask = 2147483647;
			files = (
				228125921F5B833300F5A1C2 /* LaunchScreen.storyboard in Resources */,
				2281258F1F5B833300F5A1C2 /* Assets.xcassets in Resources */,
				2281258D1F5B833300F5A1C2 /* Main.storyboard in Resources */,
			);
			runOnlyForDeploymentPostprocessing = 0;
		};
		228125961F5B833300F5A1C2 /* Resources */ = {
			isa = PBXResourcesBuildPhase;
			buildActionMask = 2147483647;
			files = (
			);
			runOnlyForDeploymentPostprocessing = 0;
		};
		B11907FC268A6759009B675F /* Resources */ = {
			isa = PBXResourcesBuildPhase;
			buildActionMask = 2147483647;
			files = (
			);
			runOnlyForDeploymentPostprocessing = 0;
		};
/* End PBXResourcesBuildPhase section */

/* Begin PBXSourcesBuildPhase section */
		228125801F5B833300F5A1C2 /* Sources */ = {
			isa = PBXSourcesBuildPhase;
			buildActionMask = 2147483647;
			files = (
				224506DA204F39AF005565E8 /* DateFormatter+iso8601Full.swift in Sources */,
				223CEC3F1F5C9C96006F3B7D /* RoomPhotoViewController.swift in Sources */,
				228125A81F5B837C00F5A1C2 /* ReservationsTableViewController.swift in Sources */,
				B1D4343820EBC581002B5BDA /* Alphanum_28x28.mlmodel in Sources */,
				B19A29652049E7C80065F14D /* ReservationsDataStore.swift in Sources */,
				B19A296320498E730065F14D /* ReservationsInteractor.swift in Sources */,
				B19A2974204A42470065F14D /* RoomFinderPro.xcdatamodeld in Sources */,
				B19A29692049F3F70065F14D /* AvailableRoomsTableViewController.swift in Sources */,
				B19A296B204A05220065F14D /* RoomReservation.swift in Sources */,
				B19A296F204A10130065F14D /* BaseTableViewController.swift in Sources */,
				B19A29672049E8360065F14D /* ConferenceRoom.swift in Sources */,
				228125881F5B833300F5A1C2 /* AppDelegate.swift in Sources */,
				B1A9DE932140973300803DA4 /* ARSignFinderViewController.swift in Sources */,
				B10682672048F14D00C8CBD6 /* NewReservationTableViewController.swift in Sources */,
				B1A9DE952140974900803DA4 /* ARHelper.swift in Sources */,
				228125AC1F5B85CA00F5A1C2 /* ReservationTableViewCell.swift in Sources */,
				B1A9DE97214097E000803DA4 /* StatusViewController.swift in Sources */,
				B19A2971204A2D340065F14D /* ParseAPI.swift in Sources */,
			);
			runOnlyForDeploymentPostprocessing = 0;
		};
		228125941F5B833300F5A1C2 /* Sources */ = {
			isa = PBXSourcesBuildPhase;
			buildActionMask = 2147483647;
			files = (
				2281259D1F5B833400F5A1C2 /* RoomFinderProTests.swift in Sources */,
			);
			runOnlyForDeploymentPostprocessing = 0;
		};
		B11907FA268A6759009B675F /* Sources */ = {
			isa = PBXSourcesBuildPhase;
			buildActionMask = 2147483647;
			files = (
				B1190801268A6759009B675F /* RoomFinderProUITests.swift in Sources */,
			);
			runOnlyForDeploymentPostprocessing = 0;
		};
/* End PBXSourcesBuildPhase section */

/* Begin PBXTargetDependency section */
		2281259A1F5B833300F5A1C2 /* PBXTargetDependency */ = {
			isa = PBXTargetDependency;
			target = 228125831F5B833300F5A1C2 /* RoomFinderPro */;
			targetProxy = 228125991F5B833300F5A1C2 /* PBXContainerItemProxy */;
		};
		B1190803268A6759009B675F /* PBXTargetDependency */ = {
			isa = PBXTargetDependency;
			target = 228125831F5B833300F5A1C2 /* RoomFinderPro */;
			targetProxy = B1190802268A6759009B675F /* PBXContainerItemProxy */;
		};
/* End PBXTargetDependency section */

/* Begin PBXVariantGroup section */
		2281258B1F5B833300F5A1C2 /* Main.storyboard */ = {
			isa = PBXVariantGroup;
			children = (
				2281258C1F5B833300F5A1C2 /* Base */,
			);
			name = Main.storyboard;
			sourceTree = "<group>";
		};
		228125901F5B833300F5A1C2 /* LaunchScreen.storyboard */ = {
			isa = PBXVariantGroup;
			children = (
				228125911F5B833300F5A1C2 /* Base */,
			);
			name = LaunchScreen.storyboard;
			sourceTree = "<group>";
		};
/* End PBXVariantGroup section */

/* Begin XCBuildConfiguration section */
		2281259F1F5B833400F5A1C2 /* Debug */ = {
			isa = XCBuildConfiguration;
			buildSettings = {
				ALWAYS_SEARCH_USER_PATHS = NO;
				CLANG_ANALYZER_NONNULL = YES;
				CLANG_ANALYZER_NUMBER_OBJECT_CONVERSION = YES_AGGRESSIVE;
				CLANG_CXX_LANGUAGE_STANDARD = "gnu++14";
				CLANG_CXX_LIBRARY = "libc++";
				CLANG_ENABLE_MODULES = YES;
				CLANG_ENABLE_OBJC_ARC = YES;
				CLANG_WARN_BLOCK_CAPTURE_AUTORELEASING = YES;
				CLANG_WARN_BOOL_CONVERSION = YES;
				CLANG_WARN_COMMA = YES;
				CLANG_WARN_CONSTANT_CONVERSION = YES;
				CLANG_WARN_DEPRECATED_OBJC_IMPLEMENTATIONS = YES;
				CLANG_WARN_DIRECT_OBJC_ISA_USAGE = YES_ERROR;
				CLANG_WARN_DOCUMENTATION_COMMENTS = YES;
				CLANG_WARN_EMPTY_BODY = YES;
				CLANG_WARN_ENUM_CONVERSION = YES;
				CLANG_WARN_INFINITE_RECURSION = YES;
				CLANG_WARN_INT_CONVERSION = YES;
				CLANG_WARN_NON_LITERAL_NULL_CONVERSION = YES;
				CLANG_WARN_OBJC_IMPLICIT_RETAIN_SELF = YES;
				CLANG_WARN_OBJC_LITERAL_CONVERSION = YES;
				CLANG_WARN_OBJC_ROOT_CLASS = YES_ERROR;
				CLANG_WARN_QUOTED_INCLUDE_IN_FRAMEWORK_HEADER = YES;
				CLANG_WARN_RANGE_LOOP_ANALYSIS = YES;
				CLANG_WARN_STRICT_PROTOTYPES = YES;
				CLANG_WARN_SUSPICIOUS_MOVE = YES;
				CLANG_WARN_UNGUARDED_AVAILABILITY = YES_AGGRESSIVE;
				CLANG_WARN_UNREACHABLE_CODE = YES;
				CLANG_WARN__DUPLICATE_METHOD_MATCH = YES;
				CODE_SIGN_IDENTITY = "iPhone Developer";
				COPY_PHASE_STRIP = NO;
				DEBUG_INFORMATION_FORMAT = dwarf;
				ENABLE_STRICT_OBJC_MSGSEND = YES;
				ENABLE_TESTABILITY = YES;
				GCC_C_LANGUAGE_STANDARD = gnu11;
				GCC_DYNAMIC_NO_PIC = NO;
				GCC_NO_COMMON_BLOCKS = YES;
				GCC_OPTIMIZATION_LEVEL = 0;
				GCC_PREPROCESSOR_DEFINITIONS = (
					"DEBUG=1",
					"$(inherited)",
				);
				GCC_WARN_64_TO_32_BIT_CONVERSION = YES;
				GCC_WARN_ABOUT_RETURN_TYPE = YES_ERROR;
				GCC_WARN_UNDECLARED_SELECTOR = YES;
				GCC_WARN_UNINITIALIZED_AUTOS = YES_AGGRESSIVE;
				GCC_WARN_UNUSED_FUNCTION = YES;
				GCC_WARN_UNUSED_VARIABLE = YES;
				IPHONEOS_DEPLOYMENT_TARGET = 12.0;
				MTL_ENABLE_DEBUG_INFO = YES;
				ONLY_ACTIVE_ARCH = YES;
				SDKROOT = iphoneos;
				SWIFT_ACTIVE_COMPILATION_CONDITIONS = DEBUG;
				SWIFT_OPTIMIZATION_LEVEL = "-Onone";
			};
			name = Debug;
		};
		228125A01F5B833400F5A1C2 /* Release */ = {
			isa = XCBuildConfiguration;
			buildSettings = {
				ALWAYS_SEARCH_USER_PATHS = NO;
				CLANG_ANALYZER_NONNULL = YES;
				CLANG_ANALYZER_NUMBER_OBJECT_CONVERSION = YES_AGGRESSIVE;
				CLANG_CXX_LANGUAGE_STANDARD = "gnu++14";
				CLANG_CXX_LIBRARY = "libc++";
				CLANG_ENABLE_MODULES = YES;
				CLANG_ENABLE_OBJC_ARC = YES;
				CLANG_WARN_BLOCK_CAPTURE_AUTORELEASING = YES;
				CLANG_WARN_BOOL_CONVERSION = YES;
				CLANG_WARN_COMMA = YES;
				CLANG_WARN_CONSTANT_CONVERSION = YES;
				CLANG_WARN_DEPRECATED_OBJC_IMPLEMENTATIONS = YES;
				CLANG_WARN_DIRECT_OBJC_ISA_USAGE = YES_ERROR;
				CLANG_WARN_DOCUMENTATION_COMMENTS = YES;
				CLANG_WARN_EMPTY_BODY = YES;
				CLANG_WARN_ENUM_CONVERSION = YES;
				CLANG_WARN_INFINITE_RECURSION = YES;
				CLANG_WARN_INT_CONVERSION = YES;
				CLANG_WARN_NON_LITERAL_NULL_CONVERSION = YES;
				CLANG_WARN_OBJC_IMPLICIT_RETAIN_SELF = YES;
				CLANG_WARN_OBJC_LITERAL_CONVERSION = YES;
				CLANG_WARN_OBJC_ROOT_CLASS = YES_ERROR;
				CLANG_WARN_QUOTED_INCLUDE_IN_FRAMEWORK_HEADER = YES;
				CLANG_WARN_RANGE_LOOP_ANALYSIS = YES;
				CLANG_WARN_STRICT_PROTOTYPES = YES;
				CLANG_WARN_SUSPICIOUS_MOVE = YES;
				CLANG_WARN_UNGUARDED_AVAILABILITY = YES_AGGRESSIVE;
				CLANG_WARN_UNREACHABLE_CODE = YES;
				CLANG_WARN__DUPLICATE_METHOD_MATCH = YES;
				CODE_SIGN_IDENTITY = "iPhone Developer";
				COPY_PHASE_STRIP = NO;
				DEBUG_INFORMATION_FORMAT = "dwarf-with-dsym";
				ENABLE_NS_ASSERTIONS = NO;
				ENABLE_STRICT_OBJC_MSGSEND = YES;
				GCC_C_LANGUAGE_STANDARD = gnu11;
				GCC_NO_COMMON_BLOCKS = YES;
				GCC_WARN_64_TO_32_BIT_CONVERSION = YES;
				GCC_WARN_ABOUT_RETURN_TYPE = YES_ERROR;
				GCC_WARN_UNDECLARED_SELECTOR = YES;
				GCC_WARN_UNINITIALIZED_AUTOS = YES_AGGRESSIVE;
				GCC_WARN_UNUSED_FUNCTION = YES;
				GCC_WARN_UNUSED_VARIABLE = YES;
				IPHONEOS_DEPLOYMENT_TARGET = 12.0;
				MTL_ENABLE_DEBUG_INFO = NO;
				SDKROOT = iphoneos;
				SWIFT_OPTIMIZATION_LEVEL = "-Owholemodule";
				VALIDATE_PRODUCT = YES;
			};
			name = Release;
		};
		228125A21F5B833400F5A1C2 /* Debug */ = {
			isa = XCBuildConfiguration;
			buildSettings = {
				ASSETCATALOG_COMPILER_APPICON_NAME = AppIcon;
				DEVELOPMENT_TEAM = 7R59WP4HLQ;
				INFOPLIST_FILE = RoomFinderPro/Info.plist;
				IPHONEOS_DEPLOYMENT_TARGET = 14.1;
				LD_RUNPATH_SEARCH_PATHS = "$(inherited) @executable_path/Frameworks";
				PRODUCT_BUNDLE_IDENTIFIER = "com.sample-code.kevin-ferrell.RoomFinder";
				PRODUCT_NAME = "$(TARGET_NAME)";
				SWIFT_VERSION = 5.0;
				TARGETED_DEVICE_FAMILY = "1,2";
			};
			name = Debug;
		};
		228125A31F5B833400F5A1C2 /* Release */ = {
			isa = XCBuildConfiguration;
			buildSettings = {
				ASSETCATALOG_COMPILER_APPICON_NAME = AppIcon;
				DEVELOPMENT_TEAM = 7R59WP4HLQ;
				INFOPLIST_FILE = RoomFinderPro/Info.plist;
				IPHONEOS_DEPLOYMENT_TARGET = 14.1;
				LD_RUNPATH_SEARCH_PATHS = "$(inherited) @executable_path/Frameworks";
				PRODUCT_BUNDLE_IDENTIFIER = "com.sample-code.kevin-ferrell.RoomFinder";
				PRODUCT_NAME = "$(TARGET_NAME)";
				SWIFT_VERSION = 5.0;
				TARGETED_DEVICE_FAMILY = "1,2";
			};
			name = Release;
		};
		228125A51F5B833400F5A1C2 /* Debug */ = {
			isa = XCBuildConfiguration;
			buildSettings = {
				ALWAYS_EMBED_SWIFT_STANDARD_LIBRARIES = YES;
				BUNDLE_LOADER = "$(TEST_HOST)";
				DEVELOPMENT_TEAM = 7R59WP4HLQ;
				INFOPLIST_FILE = RoomFinderProTests/Info.plist;
				IPHONEOS_DEPLOYMENT_TARGET = 14.1;
				LD_RUNPATH_SEARCH_PATHS = "$(inherited) @executable_path/Frameworks @loader_path/Frameworks";
				PRODUCT_BUNDLE_IDENTIFIER = "com.kevin-ferrell.RoomFinderProTests";
				PRODUCT_NAME = "$(TARGET_NAME)";
				SWIFT_VERSION = 5.0;
				TARGETED_DEVICE_FAMILY = "1,2";
				TEST_HOST = "$(BUILT_PRODUCTS_DIR)/RoomFinderPro.app/RoomFinderPro";
			};
			name = Debug;
		};
		228125A61F5B833400F5A1C2 /* Release */ = {
			isa = XCBuildConfiguration;
			buildSettings = {
				ALWAYS_EMBED_SWIFT_STANDARD_LIBRARIES = YES;
				BUNDLE_LOADER = "$(TEST_HOST)";
				DEVELOPMENT_TEAM = 7R59WP4HLQ;
				INFOPLIST_FILE = RoomFinderProTests/Info.plist;
				IPHONEOS_DEPLOYMENT_TARGET = 14.1;
				LD_RUNPATH_SEARCH_PATHS = "$(inherited) @executable_path/Frameworks @loader_path/Frameworks";
				PRODUCT_BUNDLE_IDENTIFIER = "com.kevin-ferrell.RoomFinderProTests";
				PRODUCT_NAME = "$(TARGET_NAME)";
				SWIFT_VERSION = 5.0;
				TARGETED_DEVICE_FAMILY = "1,2";
				TEST_HOST = "$(BUILT_PRODUCTS_DIR)/RoomFinderPro.app/RoomFinderPro";
			};
			name = Release;
		};
		B1190805268A6759009B675F /* Debug */ = {
			isa = XCBuildConfiguration;
			buildSettings = {
				CLANG_ENABLE_OBJC_WEAK = YES;
				CLANG_WARN_DEPRECATED_OBJC_IMPLEMENTATIONS = YES;
				CLANG_WARN_OBJC_IMPLICIT_RETAIN_SELF = YES;
				CLANG_WARN_QUOTED_INCLUDE_IN_FRAMEWORK_HEADER = YES;
				CODE_SIGN_STYLE = Automatic;
				CURRENT_PROJECT_VERSION = 1;
				DEVELOPMENT_TEAM = 7R59WP4HLQ;
				GENERATE_INFOPLIST_FILE = YES;
				IPHONEOS_DEPLOYMENT_TARGET = 14.1;
				LD_RUNPATH_SEARCH_PATHS = "$(inherited) @executable_path/Frameworks @loader_path/Frameworks";
				MARKETING_VERSION = 1.0;
				MTL_ENABLE_DEBUG_INFO = INCLUDE_SOURCE;
				MTL_FAST_MATH = YES;
				PRODUCT_BUNDLE_IDENTIFIER = "com.sample-code.kevin-ferrell.RoomFinderProUITests";
				PRODUCT_NAME = "$(TARGET_NAME)";
				SWIFT_EMIT_LOC_STRINGS = NO;
				SWIFT_VERSION = 5.0;
				TARGETED_DEVICE_FAMILY = "1,2";
				TEST_TARGET_NAME = RoomFinderPro;
			};
			name = Debug;
		};
		B1190806268A6759009B675F /* Release */ = {
			isa = XCBuildConfiguration;
			buildSettings = {
				CLANG_ENABLE_OBJC_WEAK = YES;
				CLANG_WARN_DEPRECATED_OBJC_IMPLEMENTATIONS = YES;
				CLANG_WARN_OBJC_IMPLICIT_RETAIN_SELF = YES;
				CLANG_WARN_QUOTED_INCLUDE_IN_FRAMEWORK_HEADER = YES;
				CODE_SIGN_STYLE = Automatic;
				CURRENT_PROJECT_VERSION = 1;
				DEVELOPMENT_TEAM = 7R59WP4HLQ;
				GENERATE_INFOPLIST_FILE = YES;
				IPHONEOS_DEPLOYMENT_TARGET = 14.1;
				LD_RUNPATH_SEARCH_PATHS = "$(inherited) @executable_path/Frameworks @loader_path/Frameworks";
				MARKETING_VERSION = 1.0;
				MTL_FAST_MATH = YES;
				PRODUCT_BUNDLE_IDENTIFIER = "com.sample-code.kevin-ferrell.RoomFinderProUITests";
				PRODUCT_NAME = "$(TARGET_NAME)";
				SWIFT_EMIT_LOC_STRINGS = NO;
				SWIFT_VERSION = 5.0;
				TARGETED_DEVICE_FAMILY = "1,2";
				TEST_TARGET_NAME = RoomFinderPro;
			};
			name = Release;
		};
/* End XCBuildConfiguration section */

/* Begin XCConfigurationList section */
		2281257F1F5B833300F5A1C2 /* Build configuration list for PBXProject "RoomFinderPro" */ = {
			isa = XCConfigurationList;
			buildConfigurations = (
				2281259F1F5B833400F5A1C2 /* Debug */,
				228125A01F5B833400F5A1C2 /* Release */,
			);
			defaultConfigurationIsVisible = 0;
			defaultConfigurationName = Release;
		};
		228125A11F5B833400F5A1C2 /* Build configuration list for PBXNativeTarget "RoomFinderPro" */ = {
			isa = XCConfigurationList;
			buildConfigurations = (
				228125A21F5B833400F5A1C2 /* Debug */,
				228125A31F5B833400F5A1C2 /* Release */,
			);
			defaultConfigurationIsVisible = 0;
			defaultConfigurationName = Release;
		};
		228125A41F5B833400F5A1C2 /* Build configuration list for PBXNativeTarget "RoomFinderProTests" */ = {
			isa = XCConfigurationList;
			buildConfigurations = (
				228125A51F5B833400F5A1C2 /* Debug */,
				228125A61F5B833400F5A1C2 /* Release */,
			);
			defaultConfigurationIsVisible = 0;
			defaultConfigurationName = Release;
		};
		B1190804268A6759009B675F /* Build configuration list for PBXNativeTarget "RoomFinderProUITests" */ = {
			isa = XCConfigurationList;
			buildConfigurations = (
				B1190805268A6759009B675F /* Debug */,
				B1190806268A6759009B675F /* Release */,
			);
			defaultConfigurationIsVisible = 0;
			defaultConfigurationName = Release;
		};
/* End XCConfigurationList section */

/* Begin XCVersionGroup section */
		B19A2972204A42470065F14D /* RoomFinderPro.xcdatamodeld */ = {
			isa = XCVersionGroup;
			children = (
				B19A2973204A42470065F14D /* RoomFinderPro.xcdatamodel */,
			);
			currentVersion = B19A2973204A42470065F14D /* RoomFinderPro.xcdatamodel */;
			path = RoomFinderPro.xcdatamodeld;
			sourceTree = "<group>";
			versionGroupType = wrapper.xcdatamodel;
		};
/* End XCVersionGroup section */
	};
	rootObject = 2281257C1F5B833300F5A1C2 /* Project object */;
}
